
Microsoft Visual Studio Solution File, Format Version 12.00
# Visual Studio Version 16
VisualStudioVersion = 16.0.810.14
MinimumVisualStudioVersion = 10.0.40219.1
Project("{FAE04EC0-301F-11D3-BF4B-00C04F79EFBC}") = "Identity.DAL", "Identity.DAL\Identity.DAL.csproj", "{D94C513B-1BBA-406A-902A-ECA3EB5880B0}"
EndProject
Project("{FAE04EC0-301F-11D3-BF4B-00C04F79EFBC}") = "Identity.App", "Identity.App\Identity.App.csproj", "{D477C0FB-9C7C-4CD7-B1EB-6FCCA78AD620}"
EndProject
Global
	GlobalSection(SolutionConfigurationPlatforms) = preSolution
		Debug|Any CPU = Debug|Any CPU
		Release|Any CPU = Release|Any CPU
	EndGlobalSection
	GlobalSection(ProjectConfigurationPlatforms) = postSolution
		{D94C513B-1BBA-406A-902A-ECA3EB5880B0}.Debug|Any CPU.ActiveCfg = Debug|Any CPU
		{D94C513B-1BBA-406A-902A-ECA3EB5880B0}.Debug|Any CPU.Build.0 = Debug|Any CPU
		{D94C513B-1BBA-406A-902A-ECA3EB5880B0}.Release|Any CPU.ActiveCfg = Release|Any CPU
		{D94C513B-1BBA-406A-902A-ECA3EB5880B0}.Release|Any CPU.Build.0 = Release|Any CPU
		{D477C0FB-9C7C-4CD7-B1EB-6FCCA78AD620}.Debug|Any CPU.ActiveCfg = Debug|Any CPU
		{D477C0FB-9C7C-4CD7-B1EB-6FCCA78AD620}.Debug|Any CPU.Build.0 = Debug|Any CPU
		{D477C0FB-9C7C-4CD7-B1EB-6FCCA78AD620}.Release|Any CPU.ActiveCfg = Release|Any CPU
		{D477C0FB-9C7C-4CD7-B1EB-6FCCA78AD620}.Release|Any CPU.Build.0 = Release|Any CPU
	EndGlobalSection
	GlobalSection(SolutionProperties) = preSolution
		HideSolutionNode = FALSE
	EndGlobalSection
	GlobalSection(ExtensibilityGlobals) = postSolution
		SolutionGuid = {7D5C8AB4-CA56-4320-90AA-780DD33676F0}
	EndGlobalSection
EndGlobal
